// !$*UTF8*$!
{
	archiveVersion = 1;
	classes = {
	};
	objectVersion = 46;
	objects = {

/* Begin PBXBuildFile section */
		060053591FC5792100954AC2 /* settings.m in Sources */ = {isa = PBXBuildFile; fileRef = 060053581FC5792100954AC2 /* settings.m */; };
		063FE0D71FBF2FE700620A64 /* main.m in Sources */ = {isa = PBXBuildFile; fileRef = 063FE0D61FBF2FE700620A64 /* main.m */; };
		063FE0DA1FBF2FE700620A64 /* AppDelegate.m in Sources */ = {isa = PBXBuildFile; fileRef = 063FE0D91FBF2FE700620A64 /* AppDelegate.m */; };
		063FE0DD1FBF2FE700620A64 /* InterfaceViewController.m in Sources */ = {isa = PBXBuildFile; fileRef = 063FE0DC1FBF2FE700620A64 /* InterfaceViewController.m */; };
		063FE0E01FBF2FE700620A64 /* Main.storyboard in Resources */ = {isa = PBXBuildFile; fileRef = 063FE0DE1FBF2FE700620A64 /* Main.storyboard */; };
		063FE0E21FBF2FE700620A64 /* Assets.xcassets in Resources */ = {isa = PBXBuildFile; fileRef = 063FE0E11FBF2FE700620A64 /* Assets.xcassets */; };
		063FE0E51FBF2FE700620A64 /* LaunchScreen.storyboard in Resources */ = {isa = PBXBuildFile; fileRef = 063FE0E31FBF2FE700620A64 /* LaunchScreen.storyboard */; };
		063FE0F01FBF2FE700620A64 /* S_HTests.m in Sources */ = {isa = PBXBuildFile; fileRef = 063FE0EF1FBF2FE700620A64 /* S_HTests.m */; };
		063FE0FB1FBF2FE700620A64 /* S_HUITests.m in Sources */ = {isa = PBXBuildFile; fileRef = 063FE0FA1FBF2FE700620A64 /* S_HUITests.m */; };
		063FE10D1FBF37A900620A64 /* audioEngine.m in Sources */ = {isa = PBXBuildFile; fileRef = 063FE10C1FBF37A900620A64 /* audioEngine.m */; };
		063FE1101FBF380D00620A64 /* AVFoundation.framework in Frameworks */ = {isa = PBXBuildFile; fileRef = 063FE10F1FBF380D00620A64 /* AVFoundation.framework */; };
		068113C51FC438A000E07608 /* DrumsViewController.m in Sources */ = {isa = PBXBuildFile; fileRef = 068113C41FC438A000E07608 /* DrumsViewController.m */; };
		068113C81FC438AE00E07608 /* DelayViewController.m in Sources */ = {isa = PBXBuildFile; fileRef = 068113C71FC438AE00E07608 /* DelayViewController.m */; };
		068113CB1FC438C200E07608 /* Instrument2ViewController.m in Sources */ = {isa = PBXBuildFile; fileRef = 068113CA1FC438C200E07608 /* Instrument2ViewController.m */; };
		068113CE1FC438D500E07608 /* ReverbViewController.m in Sources */ = {isa = PBXBuildFile; fileRef = 068113CD1FC438D500E07608 /* ReverbViewController.m */; };
		068113D11FC438E100E07608 /* DistortionViewController.m in Sources */ = {isa = PBXBuildFile; fileRef = 068113D01FC438E100E07608 /* DistortionViewController.m */; };
		068113D41FC438F900E07608 /* MicrophoneViewController.m in Sources */ = {isa = PBXBuildFile; fileRef = 068113D31FC438F900E07608 /* MicrophoneViewController.m */; };
		068113D71FC4391700E07608 /* MainMixViewController.m in Sources */ = {isa = PBXBuildFile; fileRef = 068113D61FC4391700E07608 /* MainMixViewController.m */; };
		068113DA1FC43D1A00E07608 /* SettingsViewController.m in Sources */ = {isa = PBXBuildFile; fileRef = 068113D91FC43D1A00E07608 /* SettingsViewController.m */; };
		F212DCD11FC4CB640099DE7B /* Nice-Keys-Ultimate-V2.3.sf2 in Resources */ = {isa = PBXBuildFile; fileRef = F212DCD01FC4CB550099DE7B /* Nice-Keys-Ultimate-V2.3.sf2 */; };
		F2587C071FC2000C0096461C /* Instrument1ViewController.m in Sources */ = {isa = PBXBuildFile; fileRef = F2587C061FC2000C0096461C /* Instrument1ViewController.m */; };
/* End PBXBuildFile section */

/* Begin PBXContainerItemProxy section */
		063FE0EC1FBF2FE700620A64 /* PBXContainerItemProxy */ = {
			isa = PBXContainerItemProxy;
			containerPortal = 063FE0CA1FBF2FE700620A64 /* Project object */;
			proxyType = 1;
			remoteGlobalIDString = 063FE0D11FBF2FE700620A64;
			remoteInfo = "S+H";
		};
		063FE0F71FBF2FE700620A64 /* PBXContainerItemProxy */ = {
			isa = PBXContainerItemProxy;
			containerPortal = 063FE0CA1FBF2FE700620A64 /* Project object */;
			proxyType = 1;
			remoteGlobalIDString = 063FE0D11FBF2FE700620A64;
			remoteInfo = "S+H";
		};
/* End PBXContainerItemProxy section */

/* Begin PBXFileReference section */
		060053561FC5763400954AC2 /* Nice-Keys-Ultimate-V2.3.sf2 */ = {isa = PBXFileReference; lastKnownFileType = file; path = "Nice-Keys-Ultimate-V2.3.sf2"; sourceTree = "<group>"; };
		060053571FC5792100954AC2 /* settings.h */ = {isa = PBXFileReference; fileEncoding = 4; lastKnownFileType = sourcecode.c.h; name = settings.h; path = ../settings.h; sourceTree = "<group>"; };
		060053581FC5792100954AC2 /* settings.m */ = {isa = PBXFileReference; fileEncoding = 4; lastKnownFileType = sourcecode.c.objc; name = settings.m; path = ../settings.m; sourceTree = "<group>"; };
		063FE0D21FBF2FE700620A64 /* S+H.app */ = {isa = PBXFileReference; explicitFileType = wrapper.application; includeInIndex = 0; path = "S+H.app"; sourceTree = BUILT_PRODUCTS_DIR; };
		063FE0D61FBF2FE700620A64 /* main.m */ = {isa = PBXFileReference; lastKnownFileType = sourcecode.c.objc; path = main.m; sourceTree = "<group>"; };
		063FE0D81FBF2FE700620A64 /* AppDelegate.h */ = {isa = PBXFileReference; lastKnownFileType = sourcecode.c.h; path = AppDelegate.h; sourceTree = "<group>"; };
		063FE0D91FBF2FE700620A64 /* AppDelegate.m */ = {isa = PBXFileReference; lastKnownFileType = sourcecode.c.objc; path = AppDelegate.m; sourceTree = "<group>"; };
		063FE0DB1FBF2FE700620A64 /* InterfaceViewController.h */ = {isa = PBXFileReference; lastKnownFileType = sourcecode.c.h; path = InterfaceViewController.h; sourceTree = "<group>"; };
		063FE0DC1FBF2FE700620A64 /* InterfaceViewController.m */ = {isa = PBXFileReference; lastKnownFileType = sourcecode.c.objc; path = InterfaceViewController.m; sourceTree = "<group>"; };
		063FE0DF1FBF2FE700620A64 /* Base */ = {isa = PBXFileReference; lastKnownFileType = file.storyboard; name = Base; path = Base.lproj/Main.storyboard; sourceTree = "<group>"; };
		063FE0E11FBF2FE700620A64 /* Assets.xcassets */ = {isa = PBXFileReference; lastKnownFileType = folder.assetcatalog; path = Assets.xcassets; sourceTree = "<group>"; };
		063FE0E41FBF2FE700620A64 /* Base */ = {isa = PBXFileReference; lastKnownFileType = file.storyboard; name = Base; path = Base.lproj/LaunchScreen.storyboard; sourceTree = "<group>"; };
		063FE0E61FBF2FE700620A64 /* Info.plist */ = {isa = PBXFileReference; lastKnownFileType = text.plist.xml; path = Info.plist; sourceTree = "<group>"; };
		063FE0EB1FBF2FE700620A64 /* S+HTests.xctest */ = {isa = PBXFileReference; explicitFileType = wrapper.cfbundle; includeInIndex = 0; path = "S+HTests.xctest"; sourceTree = BUILT_PRODUCTS_DIR; };
		063FE0EF1FBF2FE700620A64 /* S_HTests.m */ = {isa = PBXFileReference; lastKnownFileType = sourcecode.c.objc; path = S_HTests.m; sourceTree = "<group>"; };
		063FE0F11FBF2FE700620A64 /* Info.plist */ = {isa = PBXFileReference; lastKnownFileType = text.plist.xml; path = Info.plist; sourceTree = "<group>"; };
		063FE0F61FBF2FE700620A64 /* S+HUITests.xctest */ = {isa = PBXFileReference; explicitFileType = wrapper.cfbundle; includeInIndex = 0; path = "S+HUITests.xctest"; sourceTree = BUILT_PRODUCTS_DIR; };
		063FE0FA1FBF2FE700620A64 /* S_HUITests.m */ = {isa = PBXFileReference; lastKnownFileType = sourcecode.c.objc; path = S_HUITests.m; sourceTree = "<group>"; };
		063FE0FC1FBF2FE700620A64 /* Info.plist */ = {isa = PBXFileReference; lastKnownFileType = text.plist.xml; path = Info.plist; sourceTree = "<group>"; };
		063FE10B1FBF37A900620A64 /* audioEngine.h */ = {isa = PBXFileReference; fileEncoding = 4; lastKnownFileType = sourcecode.c.h; path = audioEngine.h; sourceTree = "<group>"; };
		063FE10C1FBF37A900620A64 /* audioEngine.m */ = {isa = PBXFileReference; fileEncoding = 4; lastKnownFileType = sourcecode.c.objc; path = audioEngine.m; sourceTree = "<group>"; };
		063FE10F1FBF380D00620A64 /* AVFoundation.framework */ = {isa = PBXFileReference; lastKnownFileType = wrapper.framework; name = AVFoundation.framework; path = System/Library/Frameworks/AVFoundation.framework; sourceTree = SDKROOT; };
		064570661FC6FA6E00E53DAC /* Nice-Keys-Ultimate-V2.3.sf2 */ = {isa = PBXFileReference; lastKnownFileType = file; path = "Nice-Keys-Ultimate-V2.3.sf2"; sourceTree = "<group>"; };
		068113C31FC438A000E07608 /* DrumsViewController.h */ = {isa = PBXFileReference; fileEncoding = 4; lastKnownFileType = sourcecode.c.h; path = DrumsViewController.h; sourceTree = "<group>"; };
		068113C41FC438A000E07608 /* DrumsViewController.m */ = {isa = PBXFileReference; fileEncoding = 4; lastKnownFileType = sourcecode.c.objc; path = DrumsViewController.m; sourceTree = "<group>"; };
		068113C61FC438AE00E07608 /* DelayViewController.h */ = {isa = PBXFileReference; fileEncoding = 4; lastKnownFileType = sourcecode.c.h; path = DelayViewController.h; sourceTree = "<group>"; };
		068113C71FC438AE00E07608 /* DelayViewController.m */ = {isa = PBXFileReference; fileEncoding = 4; lastKnownFileType = sourcecode.c.objc; path = DelayViewController.m; sourceTree = "<group>"; };
		068113C91FC438C200E07608 /* Instrument2ViewController.h */ = {isa = PBXFileReference; fileEncoding = 4; lastKnownFileType = sourcecode.c.h; path = Instrument2ViewController.h; sourceTree = "<group>"; };
		068113CA1FC438C200E07608 /* Instrument2ViewController.m */ = {isa = PBXFileReference; fileEncoding = 4; lastKnownFileType = sourcecode.c.objc; path = Instrument2ViewController.m; sourceTree = "<group>"; };
		068113CC1FC438D500E07608 /* ReverbViewController.h */ = {isa = PBXFileReference; fileEncoding = 4; lastKnownFileType = sourcecode.c.h; path = ReverbViewController.h; sourceTree = "<group>"; };
		068113CD1FC438D500E07608 /* ReverbViewController.m */ = {isa = PBXFileReference; fileEncoding = 4; lastKnownFileType = sourcecode.c.objc; path = ReverbViewController.m; sourceTree = "<group>"; };
		068113CF1FC438E100E07608 /* DistortionViewController.h */ = {isa = PBXFileReference; fileEncoding = 4; lastKnownFileType = sourcecode.c.h; path = DistortionViewController.h; sourceTree = "<group>"; };
		068113D01FC438E100E07608 /* DistortionViewController.m */ = {isa = PBXFileReference; fileEncoding = 4; lastKnownFileType = sourcecode.c.objc; path = DistortionViewController.m; sourceTree = "<group>"; };
		068113D21FC438F900E07608 /* MicrophoneViewController.h */ = {isa = PBXFileReference; fileEncoding = 4; lastKnownFileType = sourcecode.c.h; path = MicrophoneViewController.h; sourceTree = "<group>"; };
		068113D31FC438F900E07608 /* MicrophoneViewController.m */ = {isa = PBXFileReference; fileEncoding = 4; lastKnownFileType = sourcecode.c.objc; path = MicrophoneViewController.m; sourceTree = "<group>"; };
		068113D51FC4391700E07608 /* MainMixViewController.h */ = {isa = PBXFileReference; fileEncoding = 4; lastKnownFileType = sourcecode.c.h; path = MainMixViewController.h; sourceTree = "<group>"; };
		068113D61FC4391700E07608 /* MainMixViewController.m */ = {isa = PBXFileReference; fileEncoding = 4; lastKnownFileType = sourcecode.c.objc; path = MainMixViewController.m; sourceTree = "<group>"; };
		068113D81FC43D1A00E07608 /* SettingsViewController.h */ = {isa = PBXFileReference; fileEncoding = 4; lastKnownFileType = sourcecode.c.h; path = SettingsViewController.h; sourceTree = "<group>"; };
		068113D91FC43D1A00E07608 /* SettingsViewController.m */ = {isa = PBXFileReference; fileEncoding = 4; lastKnownFileType = sourcecode.c.objc; path = SettingsViewController.m; sourceTree = "<group>"; };
		F212DCD01FC4CB550099DE7B /* Nice-Keys-Ultimate-V2.3.sf2 */ = {isa = PBXFileReference; lastKnownFileType = file; path = "Nice-Keys-Ultimate-V2.3.sf2"; sourceTree = "<group>"; };
		F2587C051FC2000C0096461C /* Instrument1ViewController.h */ = {isa = PBXFileReference; fileEncoding = 4; lastKnownFileType = sourcecode.c.h; path = Instrument1ViewController.h; sourceTree = "<group>"; };
		F2587C061FC2000C0096461C /* Instrument1ViewController.m */ = {isa = PBXFileReference; fileEncoding = 4; lastKnownFileType = sourcecode.c.objc; path = Instrument1ViewController.m; sourceTree = "<group>"; };
/* End PBXFileReference section */

/* Begin PBXFrameworksBuildPhase section */
		063FE0CF1FBF2FE700620A64 /* Frameworks */ = {
			isa = PBXFrameworksBuildPhase;
			buildActionMask = 2147483647;
			files = (
				063FE1101FBF380D00620A64 /* AVFoundation.framework in Frameworks */,
			);
			runOnlyForDeploymentPostprocessing = 0;
		};
		063FE0E81FBF2FE700620A64 /* Frameworks */ = {
			isa = PBXFrameworksBuildPhase;
			buildActionMask = 2147483647;
			files = (
			);
			runOnlyForDeploymentPostprocessing = 0;
		};
		063FE0F31FBF2FE700620A64 /* Frameworks */ = {
			isa = PBXFrameworksBuildPhase;
			buildActionMask = 2147483647;
			files = (
			);
			runOnlyForDeploymentPostprocessing = 0;
		};
/* End PBXFrameworksBuildPhase section */

/* Begin PBXGroup section */
		063FE0C91FBF2FE700620A64 = {
			isa = PBXGroup;
			children = (
				063FE0D41FBF2FE700620A64 /* S+H */,
				063FE0EE1FBF2FE700620A64 /* S+HTests */,
				063FE0F91FBF2FE700620A64 /* S+HUITests */,
				063FE0D31FBF2FE700620A64 /* Products */,
				063FE10E1FBF380D00620A64 /* Frameworks */,
			);
			sourceTree = "<group>";
		};
		063FE0D31FBF2FE700620A64 /* Products */ = {
			isa = PBXGroup;
			children = (
				063FE0D21FBF2FE700620A64 /* S+H.app */,
				063FE0EB1FBF2FE700620A64 /* S+HTests.xctest */,
				063FE0F61FBF2FE700620A64 /* S+HUITests.xctest */,
			);
			name = Products;
			sourceTree = "<group>";
		};
		063FE0D41FBF2FE700620A64 /* S+H */ = {
			isa = PBXGroup;
			children = (
				068113C21FC4385700E07608 /* Audio Controllers */,
				063FE0D81FBF2FE700620A64 /* AppDelegate.h */,
				063FE0D91FBF2FE700620A64 /* AppDelegate.m */,
				063FE0DB1FBF2FE700620A64 /* InterfaceViewController.h */,
				063FE0DC1FBF2FE700620A64 /* InterfaceViewController.m */,
				063FE0DE1FBF2FE700620A64 /* Main.storyboard */,
				063FE10B1FBF37A900620A64 /* audioEngine.h */,
				063FE10C1FBF37A900620A64 /* audioEngine.m */,
				060053571FC5792100954AC2 /* settings.h */,
				060053581FC5792100954AC2 /* settings.m */,
				063FE0E11FBF2FE700620A64 /* Assets.xcassets */,
				063FE0E31FBF2FE700620A64 /* LaunchScreen.storyboard */,
				063FE0E61FBF2FE700620A64 /* Info.plist */,
				063FE0D51FBF2FE700620A64 /* Supporting Files */,
			);
			path = "S+H";
			sourceTree = "<group>";
		};
		063FE0D51FBF2FE700620A64 /* Supporting Files */ = {
			isa = PBXGroup;
			children = (
				064570661FC6FA6E00E53DAC /* Nice-Keys-Ultimate-V2.3.sf2 */,
				060053561FC5763400954AC2 /* Nice-Keys-Ultimate-V2.3.sf2 */,
				F212DCD01FC4CB550099DE7B /* Nice-Keys-Ultimate-V2.3.sf2 */,
				063FE0D61FBF2FE700620A64 /* main.m */,
			);
			name = "Supporting Files";
			sourceTree = "<group>";
		};
		063FE0EE1FBF2FE700620A64 /* S+HTests */ = {
			isa = PBXGroup;
			children = (
				063FE0EF1FBF2FE700620A64 /* S_HTests.m */,
				063FE0F11FBF2FE700620A64 /* Info.plist */,
			);
			path = "S+HTests";
			sourceTree = "<group>";
		};
		063FE0F91FBF2FE700620A64 /* S+HUITests */ = {
			isa = PBXGroup;
			children = (
				063FE0FA1FBF2FE700620A64 /* S_HUITests.m */,
				063FE0FC1FBF2FE700620A64 /* Info.plist */,
			);
			path = "S+HUITests";
			sourceTree = "<group>";
		};
		063FE10E1FBF380D00620A64 /* Frameworks */ = {
			isa = PBXGroup;
			children = (
				063FE10F1FBF380D00620A64 /* AVFoundation.framework */,
			);
			name = Frameworks;
			sourceTree = "<group>";
		};
		068113C21FC4385700E07608 /* Audio Controllers */ = {
			isa = PBXGroup;
			children = (
				F2587C051FC2000C0096461C /* Instrument1ViewController.h */,
				F2587C061FC2000C0096461C /* Instrument1ViewController.m */,
				068113C91FC438C200E07608 /* Instrument2ViewController.h */,
				068113CA1FC438C200E07608 /* Instrument2ViewController.m */,
				068113C31FC438A000E07608 /* DrumsViewController.h */,
				068113C41FC438A000E07608 /* DrumsViewController.m */,
				068113D21FC438F900E07608 /* MicrophoneViewController.h */,
				068113D31FC438F900E07608 /* MicrophoneViewController.m */,
				068113C61FC438AE00E07608 /* DelayViewController.h */,
				068113C71FC438AE00E07608 /* DelayViewController.m */,
				068113CC1FC438D500E07608 /* ReverbViewController.h */,
				068113CD1FC438D500E07608 /* ReverbViewController.m */,
				068113CF1FC438E100E07608 /* DistortionViewController.h */,
				068113D01FC438E100E07608 /* DistortionViewController.m */,
				068113D51FC4391700E07608 /* MainMixViewController.h */,
				068113D61FC4391700E07608 /* MainMixViewController.m */,
				068113D81FC43D1A00E07608 /* SettingsViewController.h */,
				068113D91FC43D1A00E07608 /* SettingsViewController.m */,
			);
			name = "Audio Controllers";
			sourceTree = "<group>";
		};
/* End PBXGroup section */

/* Begin PBXNativeTarget section */
		063FE0D11FBF2FE700620A64 /* S+H */ = {
			isa = PBXNativeTarget;
			buildConfigurationList = 063FE0FF1FBF2FE700620A64 /* Build configuration list for PBXNativeTarget "S+H" */;
			buildPhases = (
				063FE0CE1FBF2FE700620A64 /* Sources */,
				063FE0CF1FBF2FE700620A64 /* Frameworks */,
				063FE0D01FBF2FE700620A64 /* Resources */,
			);
			buildRules = (
			);
			dependencies = (
			);
			name = "S+H";
			productName = "S+H";
			productReference = 063FE0D21FBF2FE700620A64 /* S+H.app */;
			productType = "com.apple.product-type.application";
		};
		063FE0EA1FBF2FE700620A64 /* S+HTests */ = {
			isa = PBXNativeTarget;
			buildConfigurationList = 063FE1021FBF2FE700620A64 /* Build configuration list for PBXNativeTarget "S+HTests" */;
			buildPhases = (
				063FE0E71FBF2FE700620A64 /* Sources */,
				063FE0E81FBF2FE700620A64 /* Frameworks */,
				063FE0E91FBF2FE700620A64 /* Resources */,
			);
			buildRules = (
			);
			dependencies = (
				063FE0ED1FBF2FE700620A64 /* PBXTargetDependency */,
			);
			name = "S+HTests";
			productName = "S+HTests";
			productReference = 063FE0EB1FBF2FE700620A64 /* S+HTests.xctest */;
			productType = "com.apple.product-type.bundle.unit-test";
		};
		063FE0F51FBF2FE700620A64 /* S+HUITests */ = {
			isa = PBXNativeTarget;
			buildConfigurationList = 063FE1051FBF2FE700620A64 /* Build configuration list for PBXNativeTarget "S+HUITests" */;
			buildPhases = (
				063FE0F21FBF2FE700620A64 /* Sources */,
				063FE0F31FBF2FE700620A64 /* Frameworks */,
				063FE0F41FBF2FE700620A64 /* Resources */,
			);
			buildRules = (
			);
			dependencies = (
				063FE0F81FBF2FE700620A64 /* PBXTargetDependency */,
			);
			name = "S+HUITests";
			productName = "S+HUITests";
			productReference = 063FE0F61FBF2FE700620A64 /* S+HUITests.xctest */;
			productType = "com.apple.product-type.bundle.ui-testing";
		};
/* End PBXNativeTarget section */

/* Begin PBXProject section */
		063FE0CA1FBF2FE700620A64 /* Project object */ = {
			isa = PBXProject;
			attributes = {
				LastUpgradeCheck = 0800;
				ORGANIZATIONNAME = "Callum Rosedale [el15cr]";
				TargetAttributes = {
					063FE0D11FBF2FE700620A64 = {
						CreatedOnToolsVersion = 8.0;
						ProvisioningStyle = Automatic;
					};
					063FE0EA1FBF2FE700620A64 = {
						CreatedOnToolsVersion = 8.0;
						ProvisioningStyle = Automatic;
						TestTargetID = 063FE0D11FBF2FE700620A64;
					};
					063FE0F51FBF2FE700620A64 = {
						CreatedOnToolsVersion = 8.0;
						ProvisioningStyle = Automatic;
						TestTargetID = 063FE0D11FBF2FE700620A64;
					};
				};
			};
			buildConfigurationList = 063FE0CD1FBF2FE700620A64 /* Build configuration list for PBXProject "S+H" */;
			compatibilityVersion = "Xcode 3.2";
			developmentRegion = English;
			hasScannedForEncodings = 0;
			knownRegions = (
				en,
				Base,
			);
			mainGroup = 063FE0C91FBF2FE700620A64;
			productRefGroup = 063FE0D31FBF2FE700620A64 /* Products */;
			projectDirPath = "";
			projectRoot = "";
			targets = (
				063FE0D11FBF2FE700620A64 /* S+H */,
				063FE0EA1FBF2FE700620A64 /* S+HTests */,
				063FE0F51FBF2FE700620A64 /* S+HUITests */,
			);
		};
/* End PBXProject section */

/* Begin PBXResourcesBuildPhase section */
		063FE0D01FBF2FE700620A64 /* Resources */ = {
			isa = PBXResourcesBuildPhase;
			buildActionMask = 2147483647;
			files = (
				F212DCD11FC4CB640099DE7B /* Nice-Keys-Ultimate-V2.3.sf2 in Resources */,
				063FE0E51FBF2FE700620A64 /* LaunchScreen.storyboard in Resources */,
				063FE0E21FBF2FE700620A64 /* Assets.xcassets in Resources */,
				063FE0E01FBF2FE700620A64 /* Main.storyboard in Resources */,
			);
			runOnlyForDeploymentPostprocessing = 0;
		};
		063FE0E91FBF2FE700620A64 /* Resources */ = {
			isa = PBXResourcesBuildPhase;
			buildActionMask = 2147483647;
			files = (
			);
			runOnlyForDeploymentPostprocessing = 0;
		};
		063FE0F41FBF2FE700620A64 /* Resources */ = {
			isa = PBXResourcesBuildPhase;
			buildActionMask = 2147483647;
			files = (
			);
			runOnlyForDeploymentPostprocessing = 0;
		};
/* End PBXResourcesBuildPhase section */

/* Begin PBXSourcesBuildPhase section */
		063FE0CE1FBF2FE700620A64 /* Sources */ = {
			isa = PBXSourcesBuildPhase;
			buildActionMask = 2147483647;
			files = (
				068113CB1FC438C200E07608 /* Instrument2ViewController.m in Sources */,
				068113C81FC438AE00E07608 /* DelayViewController.m in Sources */,
				060053591FC5792100954AC2 /* settings.m in Sources */,
				068113C51FC438A000E07608 /* DrumsViewController.m in Sources */,
				063FE10D1FBF37A900620A64 /* audioEngine.m in Sources */,
				063FE0DD1FBF2FE700620A64 /* InterfaceViewController.m in Sources */,
				068113CE1FC438D500E07608 /* ReverbViewController.m in Sources */,
				F2587C071FC2000C0096461C /* Instrument1ViewController.m in Sources */,
				068113D11FC438E100E07608 /* DistortionViewController.m in Sources */,
				068113D71FC4391700E07608 /* MainMixViewController.m in Sources */,
				063FE0DA1FBF2FE700620A64 /* AppDelegate.m in Sources */,
				068113D41FC438F900E07608 /* MicrophoneViewController.m in Sources */,
				063FE0D71FBF2FE700620A64 /* main.m in Sources */,
				068113DA1FC43D1A00E07608 /* SettingsViewController.m in Sources */,
			);
			runOnlyForDeploymentPostprocessing = 0;
		};
		063FE0E71FBF2FE700620A64 /* Sources */ = {
			isa = PBXSourcesBuildPhase;
			buildActionMask = 2147483647;
			files = (
				063FE0F01FBF2FE700620A64 /* S_HTests.m in Sources */,
			);
			runOnlyForDeploymentPostprocessing = 0;
		};
		063FE0F21FBF2FE700620A64 /* Sources */ = {
			isa = PBXSourcesBuildPhase;
			buildActionMask = 2147483647;
			files = (
				063FE0FB1FBF2FE700620A64 /* S_HUITests.m in Sources */,
			);
			runOnlyForDeploymentPostprocessing = 0;
		};
/* End PBXSourcesBuildPhase section */

/* Begin PBXTargetDependency section */
		063FE0ED1FBF2FE700620A64 /* PBXTargetDependency */ = {
			isa = PBXTargetDependency;
			target = 063FE0D11FBF2FE700620A64 /* S+H */;
			targetProxy = 063FE0EC1FBF2FE700620A64 /* PBXContainerItemProxy */;
		};
		063FE0F81FBF2FE700620A64 /* PBXTargetDependency */ = {
			isa = PBXTargetDependency;
			target = 063FE0D11FBF2FE700620A64 /* S+H */;
			targetProxy = 063FE0F71FBF2FE700620A64 /* PBXContainerItemProxy */;
		};
/* End PBXTargetDependency section */

/* Begin PBXVariantGroup section */
		063FE0DE1FBF2FE700620A64 /* Main.storyboard */ = {
			isa = PBXVariantGroup;
			children = (
				063FE0DF1FBF2FE700620A64 /* Base */,
			);
			name = Main.storyboard;
			sourceTree = "<group>";
		};
		063FE0E31FBF2FE700620A64 /* LaunchScreen.storyboard */ = {
			isa = PBXVariantGroup;
			children = (
				063FE0E41FBF2FE700620A64 /* Base */,
			);
			name = LaunchScreen.storyboard;
			sourceTree = "<group>";
		};
/* End PBXVariantGroup section */

/* Begin XCBuildConfiguration section */
		063FE0FD1FBF2FE700620A64 /* Debug */ = {
			isa = XCBuildConfiguration;
			buildSettings = {
				ALWAYS_SEARCH_USER_PATHS = NO;
				CLANG_ANALYZER_NONNULL = YES;
				CLANG_CXX_LANGUAGE_STANDARD = "gnu++0x";
				CLANG_CXX_LIBRARY = "libc++";
				CLANG_ENABLE_MODULES = YES;
				CLANG_ENABLE_OBJC_ARC = YES;
				CLANG_WARN_BOOL_CONVERSION = YES;
				CLANG_WARN_CONSTANT_CONVERSION = YES;
				CLANG_WARN_DIRECT_OBJC_ISA_USAGE = YES_ERROR;
				CLANG_WARN_DOCUMENTATION_COMMENTS = YES;
				CLANG_WARN_EMPTY_BODY = YES;
				CLANG_WARN_ENUM_CONVERSION = YES;
				CLANG_WARN_INFINITE_RECURSION = YES;
				CLANG_WARN_INT_CONVERSION = YES;
				CLANG_WARN_OBJC_ROOT_CLASS = YES_ERROR;
				CLANG_WARN_SUSPICIOUS_MOVES = YES;
				CLANG_WARN_UNREACHABLE_CODE = YES;
				CLANG_WARN__DUPLICATE_METHOD_MATCH = YES;
				"CODE_SIGN_IDENTITY[sdk=iphoneos*]" = "iPhone Developer";
				COPY_PHASE_STRIP = NO;
				DEBUG_INFORMATION_FORMAT = dwarf;
				ENABLE_STRICT_OBJC_MSGSEND = YES;
				ENABLE_TESTABILITY = YES;
				GCC_C_LANGUAGE_STANDARD = gnu99;
				GCC_DYNAMIC_NO_PIC = NO;
				GCC_NO_COMMON_BLOCKS = YES;
				GCC_OPTIMIZATION_LEVEL = 0;
				GCC_PREPROCESSOR_DEFINITIONS = (
					"DEBUG=1",
					"$(inherited)",
				);
				GCC_WARN_64_TO_32_BIT_CONVERSION = YES;
				GCC_WARN_ABOUT_RETURN_TYPE = YES_ERROR;
				GCC_WARN_UNDECLARED_SELECTOR = YES;
				GCC_WARN_UNINITIALIZED_AUTOS = YES_AGGRESSIVE;
				GCC_WARN_UNUSED_FUNCTION = YES;
				GCC_WARN_UNUSED_VARIABLE = YES;
				IPHONEOS_DEPLOYMENT_TARGET = 10.0;
				MTL_ENABLE_DEBUG_INFO = YES;
				ONLY_ACTIVE_ARCH = YES;
				SDKROOT = iphoneos;
				TARGETED_DEVICE_FAMILY = "1,2";
			};
			name = Debug;
		};
		063FE0FE1FBF2FE700620A64 /* Release */ = {
			isa = XCBuildConfiguration;
			buildSettings = {
				ALWAYS_SEARCH_USER_PATHS = NO;
				CLANG_ANALYZER_NONNULL = YES;
				CLANG_CXX_LANGUAGE_STANDARD = "gnu++0x";
				CLANG_CXX_LIBRARY = "libc++";
				CLANG_ENABLE_MODULES = YES;
				CLANG_ENABLE_OBJC_ARC = YES;
				CLANG_WARN_BOOL_CONVERSION = YES;
				CLANG_WARN_CONSTANT_CONVERSION = YES;
				CLANG_WARN_DIRECT_OBJC_ISA_USAGE = YES_ERROR;
				CLANG_WARN_DOCUMENTATION_COMMENTS = YES;
				CLANG_WARN_EMPTY_BODY = YES;
				CLANG_WARN_ENUM_CONVERSION = YES;
				CLANG_WARN_INFINITE_RECURSION = YES;
				CLANG_WARN_INT_CONVERSION = YES;
				CLANG_WARN_OBJC_ROOT_CLASS = YES_ERROR;
				CLANG_WARN_SUSPICIOUS_MOVES = YES;
				CLANG_WARN_UNREACHABLE_CODE = YES;
				CLANG_WARN__DUPLICATE_METHOD_MATCH = YES;
				"CODE_SIGN_IDENTITY[sdk=iphoneos*]" = "iPhone Developer";
				COPY_PHASE_STRIP = NO;
				DEBUG_INFORMATION_FORMAT = "dwarf-with-dsym";
				ENABLE_NS_ASSERTIONS = NO;
				ENABLE_STRICT_OBJC_MSGSEND = YES;
				GCC_C_LANGUAGE_STANDARD = gnu99;
				GCC_NO_COMMON_BLOCKS = YES;
				GCC_WARN_64_TO_32_BIT_CONVERSION = YES;
				GCC_WARN_ABOUT_RETURN_TYPE = YES_ERROR;
				GCC_WARN_UNDECLARED_SELECTOR = YES;
				GCC_WARN_UNINITIALIZED_AUTOS = YES_AGGRESSIVE;
				GCC_WARN_UNUSED_FUNCTION = YES;
				GCC_WARN_UNUSED_VARIABLE = YES;
				IPHONEOS_DEPLOYMENT_TARGET = 10.0;
				MTL_ENABLE_DEBUG_INFO = NO;
				SDKROOT = iphoneos;
				TARGETED_DEVICE_FAMILY = "1,2";
				VALIDATE_PRODUCT = YES;
			};
			name = Release;
		};
		063FE1001FBF2FE700620A64 /* Debug */ = {
			isa = XCBuildConfiguration;
			buildSettings = {
				ASSETCATALOG_COMPILER_APPICON_NAME = AppIcon;
				INFOPLIST_FILE = "S+H/Info.plist";
				LD_RUNPATH_SEARCH_PATHS = "$(inherited) @executable_path/Frameworks";
				PRODUCT_BUNDLE_IDENTIFIER = "leeds.ac.uk.S-H";
				PRODUCT_NAME = "$(TARGET_NAME)";
			};
			name = Debug;
		};
		063FE1011FBF2FE700620A64 /* Release */ = {
			isa = XCBuildConfiguration;
			buildSettings = {
				ASSETCATALOG_COMPILER_APPICON_NAME = AppIcon;
				INFOPLIST_FILE = "S+H/Info.plist";
				LD_RUNPATH_SEARCH_PATHS = "$(inherited) @executable_path/Frameworks";
				PRODUCT_BUNDLE_IDENTIFIER = "leeds.ac.uk.S-H";
				PRODUCT_NAME = "$(TARGET_NAME)";
			};
			name = Release;
		};
		063FE1031FBF2FE700620A64 /* Debug */ = {
			isa = XCBuildConfiguration;
			buildSettings = {
				BUNDLE_LOADER = "$(TEST_HOST)";
				INFOPLIST_FILE = "S+HTests/Info.plist";
				LD_RUNPATH_SEARCH_PATHS = "$(inherited) @executable_path/Frameworks @loader_path/Frameworks";
				PRODUCT_BUNDLE_IDENTIFIER = "leeds.ac.uk.S-HTests";
				PRODUCT_NAME = "$(TARGET_NAME)";
				TEST_HOST = "$(BUILT_PRODUCTS_DIR)/S+H.app/S+H";
			};
			name = Debug;
		};
		063FE1041FBF2FE700620A64 /* Release */ = {
			isa = XCBuildConfiguration;
			buildSettings = {
				BUNDLE_LOADER = "$(TEST_HOST)";
				INFOPLIST_FILE = "S+HTests/Info.plist";
				LD_RUNPATH_SEARCH_PATHS = "$(inherited) @executable_path/Frameworks @loader_path/Frameworks";
				PRODUCT_BUNDLE_IDENTIFIER = "leeds.ac.uk.S-HTests";
				PRODUCT_NAME = "$(TARGET_NAME)";
				TEST_HOST = "$(BUILT_PRODUCTS_DIR)/S+H.app/S+H";
			};
			name = Release;
		};
		063FE1061FBF2FE700620A64 /* Debug */ = {
			isa = XCBuildConfiguration;
			buildSettings = {
				INFOPLIST_FILE = "S+HUITests/Info.plist";
				LD_RUNPATH_SEARCH_PATHS = "$(inherited) @executable_path/Frameworks @loader_path/Frameworks";
				PRODUCT_BUNDLE_IDENTIFIER = "leeds.ac.uk.S-HUITests";
				PRODUCT_NAME = "$(TARGET_NAME)";
				TEST_TARGET_NAME = "S+H";
			};
			name = Debug;
		};
		063FE1071FBF2FE700620A64 /* Release */ = {
			isa = XCBuildConfiguration;
			buildSettings = {
				INFOPLIST_FILE = "S+HUITests/Info.plist";
				LD_RUNPATH_SEARCH_PATHS = "$(inherited) @executable_path/Frameworks @loader_path/Frameworks";
				PRODUCT_BUNDLE_IDENTIFIER = "leeds.ac.uk.S-HUITests";
				PRODUCT_NAME = "$(TARGET_NAME)";
				TEST_TARGET_NAME = "S+H";
			};
			name = Release;
		};
/* End XCBuildConfiguration section */

/* Begin XCConfigurationList section */
		063FE0CD1FBF2FE700620A64 /* Build configuration list for PBXProject "S+H" */ = {
			isa = XCConfigurationList;
			buildConfigurations = (
				063FE0FD1FBF2FE700620A64 /* Debug */,
				063FE0FE1FBF2FE700620A64 /* Release */,
			);
			defaultConfigurationIsVisible = 0;
			defaultConfigurationName = Release;
		};
		063FE0FF1FBF2FE700620A64 /* Build configuration list for PBXNativeTarget "S+H" */ = {
			isa = XCConfigurationList;
			buildConfigurations = (
				063FE1001FBF2FE700620A64 /* Debug */,
				063FE1011FBF2FE700620A64 /* Release */,
			);
			defaultConfigurationIsVisible = 0;
			defaultConfigurationName = Release;
		};
		063FE1021FBF2FE700620A64 /* Build configuration list for PBXNativeTarget "S+HTests" */ = {
			isa = XCConfigurationList;
			buildConfigurations = (
				063FE1031FBF2FE700620A64 /* Debug */,
				063FE1041FBF2FE700620A64 /* Release */,
			);
			defaultConfigurationIsVisible = 0;
			defaultConfigurationName = Release;
		};
		063FE1051FBF2FE700620A64 /* Build configuration list for PBXNativeTarget "S+HUITests" */ = {
			isa = XCConfigurationList;
			buildConfigurations = (
				063FE1061FBF2FE700620A64 /* Debug */,
				063FE1071FBF2FE700620A64 /* Release */,
			);
			defaultConfigurationIsVisible = 0;
			defaultConfigurationName = Release;
		};
/* End XCConfigurationList section */
	};
	rootObject = 063FE0CA1FBF2FE700620A64 /* Project object */;
}
